
Microsoft Visual Studio Solution File, Format Version 12.00
# Visual Studio Version 17
VisualStudioVersion = 17.1.32407.343
MinimumVisualStudioVersion = 10.0.40219.1
Project("{9A19103F-16F7-4668-BE54-9A1E7A4F7556}") = "Employeepayroll_REST_API", "Employeepayroll_REST_API.csproj", "{357D4B83-DDC7-4A51-90CF-B5E78194DC29}"
EndProject
Project("{FAE04EC0-301F-11D3-BF4B-00C04F79EFBC}") = "RestSharpTest", "..\RestSharpTest\RestSharpTest.csproj", "{98D7EF3D-38DE-4143-AE26-12FD2203849E}"
EndProject
Global
	GlobalSection(SolutionConfigurationPlatforms) = preSolution
		Debug|Any CPU = Debug|Any CPU
		Release|Any CPU = Release|Any CPU
	EndGlobalSection
	GlobalSection(ProjectConfigurationPlatforms) = postSolution
		{357D4B83-DDC7-4A51-90CF-B5E78194DC29}.Debug|Any CPU.ActiveCfg = Debug|Any CPU
		{357D4B83-DDC7-4A51-90CF-B5E78194DC29}.Debug|Any CPU.Build.0 = Debug|Any CPU
		{357D4B83-DDC7-4A51-90CF-B5E78194DC29}.Release|Any CPU.ActiveCfg = Release|Any CPU
		{357D4B83-DDC7-4A51-90CF-B5E78194DC29}.Release|Any CPU.Build.0 = Release|Any CPU
		{98D7EF3D-38DE-4143-AE26-12FD2203849E}.Debug|Any CPU.ActiveCfg = Debug|Any CPU
		{98D7EF3D-38DE-4143-AE26-12FD2203849E}.Debug|Any CPU.Build.0 = Debug|Any CPU
		{98D7EF3D-38DE-4143-AE26-12FD2203849E}.Release|Any CPU.ActiveCfg = Release|Any CPU
		{98D7EF3D-38DE-4143-AE26-12FD2203849E}.Release|Any CPU.Build.0 = Release|Any CPU
	EndGlobalSection
	GlobalSection(SolutionProperties) = preSolution
		HideSolutionNode = FALSE
	EndGlobalSection
	GlobalSection(ExtensibilityGlobals) = postSolution
		SolutionGuid = {66FCCC72-7FD3-44F4-827F-E8CA55818601}
	EndGlobalSection
EndGlobal
